
Microsoft Visual Studio Solution File, Format Version 12.00
# Visual Studio 15
VisualStudioVersion = 15.0.28010.2046
MinimumVisualStudioVersion = 10.0.40219.1
Project("{8BC9CEB8-8B4A-11D0-8D11-00A0C91BC942}") = "ProjetParallel", "ProjetParallel\ProjetParallel.vcxproj", "{0C8A7653-A8B6-40D9-9F98-1211F284A498}"
EndProject
Global
	GlobalSection(SolutionConfigurationPlatforms) = preSolution
		Debug|x64 = Debug|x64
		Release|x64 = Release|x64
	EndGlobalSection
	GlobalSection(ProjectConfigurationPlatforms) = postSolution
		{0C8A7653-A8B6-40D9-9F98-1211F284A498}.Debug|x64.ActiveCfg = Debug|x64
		{0C8A7653-A8B6-40D9-9F98-1211F284A498}.Debug|x64.Build.0 = Debug|x64
		{0C8A7653-A8B6-40D9-9F98-1211F284A498}.Release|x64.ActiveCfg = Release|x64
		{0C8A7653-A8B6-40D9-9F98-1211F284A498}.Release|x64.Build.0 = Release|x64
	EndGlobalSection
	GlobalSection(SolutionProperties) = preSolution
		HideSolutionNode = FALSE
	EndGlobalSection
	GlobalSection(ExtensibilityGlobals) = postSolution
		SolutionGuid = {F739B9DE-4444-43F2-80A3-C530A21FA9E0}
	EndGlobalSection
EndGlobal
